# This file was autogenerated by Stack.
# You should not edit this file by hand.
# For more information, please see the documentation at:
#   https://docs.haskellstack.org/en/stable/lock_files

packages:
- completed:
    hackage: jwt-0.10.0@sha256:2cb02121a9aab3b2d8d927cca78e0ebd6e43661a73cc65024162e9d1096ca5d1,4186
    pantry-tree:
      size: 1027
      sha256: b7c92f54dcba5085f7a3660d41bc3236cd3b3fc2b8c762bda8af88ae1e47f29c
  original:
    hackage: jwt-0.10.0
snapshots:
- completed:
    size: 524996
    url: https://raw.githubusercontent.com/commercialhaskell/stackage-snapshots/master/lts/14/27.yaml
    sha256: 7ea31a280c56bf36ff591a7397cc384d0dff622e7f9e4225b47d8980f019a0f0
  original: lts-14.27
